{
  "name": "target-clickhouse",
  "version": "1.0.0",
  "lockfileVersion": 2,
  "requires": true,
  "packages": {
    "": {
      "version": "1.0.0",
      "license": "ISC",
      "dependencies": {
        "singer-node": "file:../singer-node"
      }
    },
    "../singer-node": {
      "version": "0.0.1",
      "license": "ISC",
      "devDependencies": {
        "typescript": "^4.5.2"
      }
    },
    "node_modules/singer-node": {
      "resolved": "../singer-node",
      "link": true
    }
  },
  "dependencies": {
    "singer-node": {
      "version": "file:../singer-node",
      "requires": {
        "typescript": "^4.5.2"
      }
    }
  }
}
